
Microsoft Visual Studio Solution File, Format Version 12.00
# Visual Studio Version 17
VisualStudioVersion = 17.4.33103.184
MinimumVisualStudioVersion = 10.0.40219.1
Project("{9A19103F-16F7-4668-BE54-9A1E7A4F7556}") = "Neo4jJsonToCSharpClasses", "Neo4jJsonToCSharpClasses\Neo4jJsonToCSharpClasses.csproj", "{BB091248-053B-4CA1-92E1-8DEE33763C6A}"
EndProject
Project("{2150E333-8FDC-42A3-9474-1A3956D46DE8}") = "Solution Items", "Solution Items", "{9EB5D050-F55D-4307-ADF7-2C04E92D2D35}"
	ProjectSection(SolutionItems) = preProject
		.gitignore = .gitignore
		LICENSE = LICENSE
		README.md = README.md
	EndProjectSection
EndProject
Project("{FAE04EC0-301F-11D3-BF4B-00C04F79EFBC}") = "Neo4jJsonToCSharpClasses.Tests", "Neo4jJsonToCSharpClasses.Tests\Neo4jJsonToCSharpClasses.Tests.csproj", "{80771798-BC32-4C1D-A20F-C78AF1BD6A31}"
EndProject
Global
	GlobalSection(SolutionConfigurationPlatforms) = preSolution
		Debug|Any CPU = Debug|Any CPU
		Release|Any CPU = Release|Any CPU
	EndGlobalSection
	GlobalSection(ProjectConfigurationPlatforms) = postSolution
		{BB091248-053B-4CA1-92E1-8DEE33763C6A}.Debug|Any CPU.ActiveCfg = Debug|Any CPU
		{BB091248-053B-4CA1-92E1-8DEE33763C6A}.Debug|Any CPU.Build.0 = Debug|Any CPU
		{BB091248-053B-4CA1-92E1-8DEE33763C6A}.Release|Any CPU.ActiveCfg = Release|Any CPU
		{BB091248-053B-4CA1-92E1-8DEE33763C6A}.Release|Any CPU.Build.0 = Release|Any CPU
		{80771798-BC32-4C1D-A20F-C78AF1BD6A31}.Debug|Any CPU.ActiveCfg = Debug|Any CPU
		{80771798-BC32-4C1D-A20F-C78AF1BD6A31}.Debug|Any CPU.Build.0 = Debug|Any CPU
		{80771798-BC32-4C1D-A20F-C78AF1BD6A31}.Release|Any CPU.ActiveCfg = Release|Any CPU
		{80771798-BC32-4C1D-A20F-C78AF1BD6A31}.Release|Any CPU.Build.0 = Release|Any CPU
	EndGlobalSection
	GlobalSection(SolutionProperties) = preSolution
		HideSolutionNode = FALSE
	EndGlobalSection
	GlobalSection(ExtensibilityGlobals) = postSolution
		SolutionGuid = {733D535A-A1AC-47AF-8041-581AD9F71B01}
	EndGlobalSection
EndGlobal
